
Microsoft Visual Studio Solution File, Format Version 12.00
# Visual Studio Version 17
VisualStudioVersion = 17.12.35527.113 d17.12
MinimumVisualStudioVersion = 10.0.40219.1
Project("{FAE04EC0-301F-11D3-BF4B-00C04F79EFBC}") = "Forma System", "Forma System.csproj", "{F9808600-71BC-44EB-A28F-193340DAA80A}"
EndProject
Global
	GlobalSection(SolutionConfigurationPlatforms) = preSolution
		Debug|Any CPU = Debug|Any CPU
		Release|Any CPU = Release|Any CPU
	EndGlobalSection
	GlobalSection(ProjectConfigurationPlatforms) = postSolution
		{F9808600-71BC-44EB-A28F-193340DAA80A}.Debug|Any CPU.ActiveCfg = Debug|Any CPU
		{F9808600-71BC-44EB-A28F-193340DAA80A}.Debug|Any CPU.Build.0 = Debug|Any CPU
		{F9808600-71BC-44EB-A28F-193340DAA80A}.Release|Any CPU.ActiveCfg = Release|Any CPU
		{F9808600-71BC-44EB-A28F-193340DAA80A}.Release|Any CPU.Build.0 = Release|Any CPU
	EndGlobalSection
	GlobalSection(SolutionProperties) = preSolution
		HideSolutionNode = FALSE
	EndGlobalSection
EndGlobal
